
Microsoft Visual Studio Solution File, Format Version 12.00
# Visual Studio 15
VisualStudioVersion = 15.0.28010.2036
MinimumVisualStudioVersion = 10.0.40219.1
Project("{888888A0-9F3D-457C-B088-3A5042F75D52}") = "HangsMan", "HangsMan\HangsMan.pyproj", "{01F78C8F-2620-475F-829B-E6882AEB5F73}"
EndProject
Global
	GlobalSection(SolutionConfigurationPlatforms) = preSolution
		Debug|Any CPU = Debug|Any CPU
		Release|Any CPU = Release|Any CPU
	EndGlobalSection
	GlobalSection(ProjectConfigurationPlatforms) = postSolution
		{01F78C8F-2620-475F-829B-E6882AEB5F73}.Debug|Any CPU.ActiveCfg = Debug|Any CPU
		{01F78C8F-2620-475F-829B-E6882AEB5F73}.Release|Any CPU.ActiveCfg = Release|Any CPU
	EndGlobalSection
	GlobalSection(SolutionProperties) = preSolution
		HideSolutionNode = FALSE
	EndGlobalSection
	GlobalSection(ExtensibilityGlobals) = postSolution
		SolutionGuid = {924277CB-9BEA-4F88-9562-9C1005216256}
	EndGlobalSection
EndGlobal
